// !$*UTF8*$!
{
	archiveVersion = 1;
	classes = {
	};
	objectVersion = 56;
	objects = {

/* Begin PBXBuildFile section */
		C707005C2B79E92B003A399A /* AppDelegate.swift in Sources */ = {isa = PBXBuildFile; fileRef = C707005B2B79E92B003A399A /* AppDelegate.swift */; };
		C707005E2B79E92B003A399A /* SceneDelegate.swift in Sources */ = {isa = PBXBuildFile; fileRef = C707005D2B79E92B003A399A /* SceneDelegate.swift */; };
		C70700602B79E92B003A399A /* ViewController.swift in Sources */ = {isa = PBXBuildFile; fileRef = C707005F2B79E92B003A399A /* ViewController.swift */; };
		C70700632B79E92B003A399A /* Main.storyboard in Resources */ = {isa = PBXBuildFile; fileRef = C70700612B79E92B003A399A /* Main.storyboard */; };
		C70700652B79E92D003A399A /* Assets.xcassets in Resources */ = {isa = PBXBuildFile; fileRef = C70700642B79E92D003A399A /* Assets.xcassets */; };
		C70700682B79E92D003A399A /* LaunchScreen.storyboard in Resources */ = {isa = PBXBuildFile; fileRef = C70700662B79E92D003A399A /* LaunchScreen.storyboard */; };
		C70700732B79E92E003A399A /* netflix_cloneTests.swift in Sources */ = {isa = PBXBuildFile; fileRef = C70700722B79E92E003A399A /* netflix_cloneTests.swift */; };
		C707007D2B79E92E003A399A /* netflix_cloneUITests.swift in Sources */ = {isa = PBXBuildFile; fileRef = C707007C2B79E92E003A399A /* netflix_cloneUITests.swift */; };
		C707007F2B79E92E003A399A /* netflix_cloneUITestsLaunchTests.swift in Sources */ = {isa = PBXBuildFile; fileRef = C707007E2B79E92E003A399A /* netflix_cloneUITestsLaunchTests.swift */; };
/* End PBXBuildFile section */

/* Begin PBXContainerItemProxy section */
		C707006F2B79E92E003A399A /* PBXContainerItemProxy */ = {
			isa = PBXContainerItemProxy;
			containerPortal = C70700502B79E92B003A399A /* Project object */;
			proxyType = 1;
			remoteGlobalIDString = C70700572B79E92B003A399A;
			remoteInfo = "netflix-clone";
		};
		C70700792B79E92E003A399A /* PBXContainerItemProxy */ = {
			isa = PBXContainerItemProxy;
			containerPortal = C70700502B79E92B003A399A /* Project object */;
			proxyType = 1;
			remoteGlobalIDString = C70700572B79E92B003A399A;
			remoteInfo = "netflix-clone";
		};
/* End PBXContainerItemProxy section */

/* Begin PBXFileReference section */
		C70700582B79E92B003A399A /* netflix-clone.app */ = {isa = PBXFileReference; explicitFileType = wrapper.application; includeInIndex = 0; path = "netflix-clone.app"; sourceTree = BUILT_PRODUCTS_DIR; };
		C707005B2B79E92B003A399A /* AppDelegate.swift */ = {isa = PBXFileReference; lastKnownFileType = sourcecode.swift; path = AppDelegate.swift; sourceTree = "<group>"; };
		C707005D2B79E92B003A399A /* SceneDelegate.swift */ = {isa = PBXFileReference; lastKnownFileType = sourcecode.swift; path = SceneDelegate.swift; sourceTree = "<group>"; };
		C707005F2B79E92B003A399A /* ViewController.swift */ = {isa = PBXFileReference; lastKnownFileType = sourcecode.swift; path = ViewController.swift; sourceTree = "<group>"; };
		C70700622B79E92B003A399A /* Base */ = {isa = PBXFileReference; lastKnownFileType = file.storyboard; name = Base; path = Base.lproj/Main.storyboard; sourceTree = "<group>"; };
		C70700642B79E92D003A399A /* Assets.xcassets */ = {isa = PBXFileReference; lastKnownFileType = folder.assetcatalog; path = Assets.xcassets; sourceTree = "<group>"; };
		C70700672B79E92D003A399A /* Base */ = {isa = PBXFileReference; lastKnownFileType = file.storyboard; name = Base; path = Base.lproj/LaunchScreen.storyboard; sourceTree = "<group>"; };
		C70700692B79E92D003A399A /* Info.plist */ = {isa = PBXFileReference; lastKnownFileType = text.plist.xml; path = Info.plist; sourceTree = "<group>"; };
		C707006E2B79E92E003A399A /* netflix-cloneTests.xctest */ = {isa = PBXFileReference; explicitFileType = wrapper.cfbundle; includeInIndex = 0; path = "netflix-cloneTests.xctest"; sourceTree = BUILT_PRODUCTS_DIR; };
		C70700722B79E92E003A399A /* netflix_cloneTests.swift */ = {isa = PBXFileReference; lastKnownFileType = sourcecode.swift; path = netflix_cloneTests.swift; sourceTree = "<group>"; };
		C70700782B79E92E003A399A /* netflix-cloneUITests.xctest */ = {isa = PBXFileReference; explicitFileType = wrapper.cfbundle; includeInIndex = 0; path = "netflix-cloneUITests.xctest"; sourceTree = BUILT_PRODUCTS_DIR; };
		C707007C2B79E92E003A399A /* netflix_cloneUITests.swift */ = {isa = PBXFileReference; lastKnownFileType = sourcecode.swift; path = netflix_cloneUITests.swift; sourceTree = "<group>"; };
		C707007E2B79E92E003A399A /* netflix_cloneUITestsLaunchTests.swift */ = {isa = PBXFileReference; lastKnownFileType = sourcecode.swift; path = netflix_cloneUITestsLaunchTests.swift; sourceTree = "<group>"; };
/* End PBXFileReference section */

/* Begin PBXFrameworksBuildPhase section */
		C70700552B79E92B003A399A /* Frameworks */ = {
			isa = PBXFrameworksBuildPhase;
			buildActionMask = 2147483647;
			files = (
			);
			runOnlyForDeploymentPostprocessing = 0;
		};
		C707006B2B79E92E003A399A /* Frameworks */ = {
			isa = PBXFrameworksBuildPhase;
			buildActionMask = 2147483647;
			files = (
			);
			runOnlyForDeploymentPostprocessing = 0;
		};
		C70700752B79E92E003A399A /* Frameworks */ = {
			isa = PBXFrameworksBuildPhase;
			buildActionMask = 2147483647;
			files = (
			);
			runOnlyForDeploymentPostprocessing = 0;
		};
/* End PBXFrameworksBuildPhase section */

/* Begin PBXGroup section */
		C707004F2B79E92B003A399A = {
			isa = PBXGroup;
			children = (
				C707005A2B79E92B003A399A /* netflix-clone */,
				C70700712B79E92E003A399A /* netflix-cloneTests */,
				C707007B2B79E92E003A399A /* netflix-cloneUITests */,
				C70700592B79E92B003A399A /* Products */,
			);
			sourceTree = "<group>";
		};
		C70700592B79E92B003A399A /* Products */ = {
			isa = PBXGroup;
			children = (
				C70700582B79E92B003A399A /* netflix-clone.app */,
				C707006E2B79E92E003A399A /* netflix-cloneTests.xctest */,
				C70700782B79E92E003A399A /* netflix-cloneUITests.xctest */,
			);
			name = Products;
			sourceTree = "<group>";
		};
		C707005A2B79E92B003A399A /* netflix-clone */ = {
			isa = PBXGroup;
			children = (
				C707005B2B79E92B003A399A /* AppDelegate.swift */,
				C707005D2B79E92B003A399A /* SceneDelegate.swift */,
				C707005F2B79E92B003A399A /* ViewController.swift */,
				C70700612B79E92B003A399A /* Main.storyboard */,
				C70700642B79E92D003A399A /* Assets.xcassets */,
				C70700662B79E92D003A399A /* LaunchScreen.storyboard */,
				C70700692B79E92D003A399A /* Info.plist */,
			);
			path = "netflix-clone";
			sourceTree = "<group>";
		};
		C70700712B79E92E003A399A /* netflix-cloneTests */ = {
			isa = PBXGroup;
			children = (
				C70700722B79E92E003A399A /* netflix_cloneTests.swift */,
			);
			path = "netflix-cloneTests";
			sourceTree = "<group>";
		};
		C707007B2B79E92E003A399A /* netflix-cloneUITests */ = {
			isa = PBXGroup;
			children = (
				C707007C2B79E92E003A399A /* netflix_cloneUITests.swift */,
				C707007E2B79E92E003A399A /* netflix_cloneUITestsLaunchTests.swift */,
			);
			path = "netflix-cloneUITests";
			sourceTree = "<group>";
		};
/* End PBXGroup section */

/* Begin PBXNativeTarget section */
		C70700572B79E92B003A399A /* netflix-clone */ = {
			isa = PBXNativeTarget;
			buildConfigurationList = C70700822B79E92E003A399A /* Build configuration list for PBXNativeTarget "netflix-clone" */;
			buildPhases = (
				C70700542B79E92B003A399A /* Sources */,
				C70700552B79E92B003A399A /* Frameworks */,
				C70700562B79E92B003A399A /* Resources */,
			);
			buildRules = (
			);
			dependencies = (
			);
			name = "netflix-clone";
			productName = "netflix-clone";
			productReference = C70700582B79E92B003A399A /* netflix-clone.app */;
			productType = "com.apple.product-type.application";
		};
		C707006D2B79E92E003A399A /* netflix-cloneTests */ = {
			isa = PBXNativeTarget;
			buildConfigurationList = C70700852B79E92E003A399A /* Build configuration list for PBXNativeTarget "netflix-cloneTests" */;
			buildPhases = (
				C707006A2B79E92E003A399A /* Sources */,
				C707006B2B79E92E003A399A /* Frameworks */,
				C707006C2B79E92E003A399A /* Resources */,
			);
			buildRules = (
			);
			dependencies = (
				C70700702B79E92E003A399A /* PBXTargetDependency */,
			);
			name = "netflix-cloneTests";
			productName = "netflix-cloneTests";
			productReference = C707006E2B79E92E003A399A /* netflix-cloneTests.xctest */;
			productType = "com.apple.product-type.bundle.unit-test";
		};
		C70700772B79E92E003A399A /* netflix-cloneUITests */ = {
			isa = PBXNativeTarget;
			buildConfigurationList = C70700882B79E92E003A399A /* Build configuration list for PBXNativeTarget "netflix-cloneUITests" */;
			buildPhases = (
				C70700742B79E92E003A399A /* Sources */,
				C70700752B79E92E003A399A /* Frameworks */,
				C70700762B79E92E003A399A /* Resources */,
			);
			buildRules = (
			);
			dependencies = (
				C707007A2B79E92E003A399A /* PBXTargetDependency */,
			);
			name = "netflix-cloneUITests";
			productName = "netflix-cloneUITests";
			productReference = C70700782B79E92E003A399A /* netflix-cloneUITests.xctest */;
			productType = "com.apple.product-type.bundle.ui-testing";
		};
/* End PBXNativeTarget section */

/* Begin PBXProject section */
		C70700502B79E92B003A399A /* Project object */ = {
			isa = PBXProject;
			attributes = {
				BuildIndependentTargetsInParallel = 1;
				LastSwiftUpdateCheck = 1430;
				LastUpgradeCheck = 1430;
				TargetAttributes = {
					C70700572B79E92B003A399A = {
						CreatedOnToolsVersion = 14.3.1;
					};
					C707006D2B79E92E003A399A = {
						CreatedOnToolsVersion = 14.3.1;
						TestTargetID = C70700572B79E92B003A399A;
					};
					C70700772B79E92E003A399A = {
						CreatedOnToolsVersion = 14.3.1;
						TestTargetID = C70700572B79E92B003A399A;
					};
				};
			};
			buildConfigurationList = C70700532B79E92B003A399A /* Build configuration list for PBXProject "netflix-clone" */;
			compatibilityVersion = "Xcode 14.0";
			developmentRegion = en;
			hasScannedForEncodings = 0;
			knownRegions = (
				en,
				Base,
			);
			mainGroup = C707004F2B79E92B003A399A;
			productRefGroup = C70700592B79E92B003A399A /* Products */;
			projectDirPath = "";
			projectRoot = "";
			targets = (
				C70700572B79E92B003A399A /* netflix-clone */,
				C707006D2B79E92E003A399A /* netflix-cloneTests */,
				C70700772B79E92E003A399A /* netflix-cloneUITests */,
			);
		};
/* End PBXProject section */

/* Begin PBXResourcesBuildPhase section */
		C70700562B79E92B003A399A /* Resources */ = {
			isa = PBXResourcesBuildPhase;
			buildActionMask = 2147483647;
			files = (
				C70700682B79E92D003A399A /* LaunchScreen.storyboard in Resources */,
				C70700652B79E92D003A399A /* Assets.xcassets in Resources */,
				C70700632B79E92B003A399A /* Main.storyboard in Resources */,
			);
			runOnlyForDeploymentPostprocessing = 0;
		};
		C707006C2B79E92E003A399A /* Resources */ = {
			isa = PBXResourcesBuildPhase;
			buildActionMask = 2147483647;
			files = (
			);
			runOnlyForDeploymentPostprocessing = 0;
		};
		C70700762B79E92E003A399A /* Resources */ = {
			isa = PBXResourcesBuildPhase;
			buildActionMask = 2147483647;
			files = (
			);
			runOnlyForDeploymentPostprocessing = 0;
		};
/* End PBXResourcesBuildPhase section */

/* Begin PBXSourcesBuildPhase section */
		C70700542B79E92B003A399A /* Sources */ = {
			isa = PBXSourcesBuildPhase;
			buildActionMask = 2147483647;
			files = (
				C70700602B79E92B003A399A /* ViewController.swift in Sources */,
				C707005C2B79E92B003A399A /* AppDelegate.swift in Sources */,
				C707005E2B79E92B003A399A /* SceneDelegate.swift in Sources */,
			);
			runOnlyForDeploymentPostprocessing = 0;
		};
		C707006A2B79E92E003A399A /* Sources */ = {
			isa = PBXSourcesBuildPhase;
			buildActionMask = 2147483647;
			files = (
				C70700732B79E92E003A399A /* netflix_cloneTests.swift in Sources */,
			);
			runOnlyForDeploymentPostprocessing = 0;
		};
		C70700742B79E92E003A399A /* Sources */ = {
			isa = PBXSourcesBuildPhase;
			buildActionMask = 2147483647;
			files = (
				C707007D2B79E92E003A399A /* netflix_cloneUITests.swift in Sources */,
				C707007F2B79E92E003A399A /* netflix_cloneUITestsLaunchTests.swift in Sources */,
			);
			runOnlyForDeploymentPostprocessing = 0;
		};
/* End PBXSourcesBuildPhase section */

/* Begin PBXTargetDependency section */
		C70700702B79E92E003A399A /* PBXTargetDependency */ = {
			isa = PBXTargetDependency;
			target = C70700572B79E92B003A399A /* netflix-clone */;
			targetProxy = C707006F2B79E92E003A399A /* PBXContainerItemProxy */;
		};
		C707007A2B79E92E003A399A /* PBXTargetDependency */ = {
			isa = PBXTargetDependency;
			target = C70700572B79E92B003A399A /* netflix-clone */;
			targetProxy = C70700792B79E92E003A399A /* PBXContainerItemProxy */;
		};
/* End PBXTargetDependency section */

/* Begin PBXVariantGroup section */
		C70700612B79E92B003A399A /* Main.storyboard */ = {
			isa = PBXVariantGroup;
			children = (
				C70700622B79E92B003A399A /* Base */,
			);
			name = Main.storyboard;
			sourceTree = "<group>";
		};
		C70700662B79E92D003A399A /* LaunchScreen.storyboard */ = {
			isa = PBXVariantGroup;
			children = (
				C70700672B79E92D003A399A /* Base */,
			);
			name = LaunchScreen.storyboard;
			sourceTree = "<group>";
		};
/* End PBXVariantGroup section */

/* Begin XCBuildConfiguration section */
		C70700802B79E92E003A399A /* Debug */ = {
			isa = XCBuildConfiguration;
			buildSettings = {
				ALWAYS_SEARCH_USER_PATHS = NO;
				CLANG_ANALYZER_NONNULL = YES;
				CLANG_ANALYZER_NUMBER_OBJECT_CONVERSION = YES_AGGRESSIVE;
				CLANG_CXX_LANGUAGE_STANDARD = "gnu++20";
				CLANG_ENABLE_MODULES = YES;
				CLANG_ENABLE_OBJC_ARC = YES;
				CLANG_ENABLE_OBJC_WEAK = YES;
				CLANG_WARN_BLOCK_CAPTURE_AUTORELEASING = YES;
				CLANG_WARN_BOOL_CONVERSION = YES;
				CLANG_WARN_COMMA = YES;
				CLANG_WARN_CONSTANT_CONVERSION = YES;
				CLANG_WARN_DEPRECATED_OBJC_IMPLEMENTATIONS = YES;
				CLANG_WARN_DIRECT_OBJC_ISA_USAGE = YES_ERROR;
				CLANG_WARN_DOCUMENTATION_COMMENTS = YES;
				CLANG_WARN_EMPTY_BODY = YES;
				CLANG_WARN_ENUM_CONVERSION = YES;
				CLANG_WARN_INFINITE_RECURSION = YES;
				CLANG_WARN_INT_CONVERSION = YES;
				CLANG_WARN_NON_LITERAL_NULL_CONVERSION = YES;
				CLANG_WARN_OBJC_IMPLICIT_RETAIN_SELF = YES;
				CLANG_WARN_OBJC_LITERAL_CONVERSION = YES;
				CLANG_WARN_OBJC_ROOT_CLASS = YES_ERROR;
				CLANG_WARN_QUOTED_INCLUDE_IN_FRAMEWORK_HEADER = YES;
				CLANG_WARN_RANGE_LOOP_ANALYSIS = YES;
				CLANG_WARN_STRICT_PROTOTYPES = YES;
				CLANG_WARN_SUSPICIOUS_MOVE = YES;
				CLANG_WARN_UNGUARDED_AVAILABILITY = YES_AGGRESSIVE;
				CLANG_WARN_UNREACHABLE_CODE = YES;
				CLANG_WARN__DUPLICATE_METHOD_MATCH = YES;
				COPY_PHASE_STRIP = NO;
				DEBUG_INFORMATION_FORMAT = dwarf;
				ENABLE_STRICT_OBJC_MSGSEND = YES;
				ENABLE_TESTABILITY = YES;
				GCC_C_LANGUAGE_STANDARD = gnu11;
				GCC_DYNAMIC_NO_PIC = NO;
				GCC_NO_COMMON_BLOCKS = YES;
				GCC_OPTIMIZATION_LEVEL = 0;
				GCC_PREPROCESSOR_DEFINITIONS = (
					"DEBUG=1",
					"$(inherited)",
				);
				GCC_WARN_64_TO_32_BIT_CONVERSION = YES;
				GCC_WARN_ABOUT_RETURN_TYPE = YES_ERROR;
				GCC_WARN_UNDECLARED_SELECTOR = YES;
				GCC_WARN_UNINITIALIZED_AUTOS = YES_AGGRESSIVE;
				GCC_WARN_UNUSED_FUNCTION = YES;
				GCC_WARN_UNUSED_VARIABLE = YES;
				IPHONEOS_DEPLOYMENT_TARGET = 16.4;
				MTL_ENABLE_DEBUG_INFO = INCLUDE_SOURCE;
				MTL_FAST_MATH = YES;
				ONLY_ACTIVE_ARCH = YES;
				SDKROOT = iphoneos;
				SWIFT_ACTIVE_COMPILATION_CONDITIONS = DEBUG;
				SWIFT_OPTIMIZATION_LEVEL = "-Onone";
			};
			name = Debug;
		};
		C70700812B79E92E003A399A /* Release */ = {
			isa = XCBuildConfiguration;
			buildSettings = {
				ALWAYS_SEARCH_USER_PATHS = NO;
				CLANG_ANALYZER_NONNULL = YES;
				CLANG_ANALYZER_NUMBER_OBJECT_CONVERSION = YES_AGGRESSIVE;
				CLANG_CXX_LANGUAGE_STANDARD = "gnu++20";
				CLANG_ENABLE_MODULES = YES;
				CLANG_ENABLE_OBJC_ARC = YES;
				CLANG_ENABLE_OBJC_WEAK = YES;
				CLANG_WARN_BLOCK_CAPTURE_AUTORELEASING = YES;
				CLANG_WARN_BOOL_CONVERSION = YES;
				CLANG_WARN_COMMA = YES;
				CLANG_WARN_CONSTANT_CONVERSION = YES;
				CLANG_WARN_DEPRECATED_OBJC_IMPLEMENTATIONS = YES;
				CLANG_WARN_DIRECT_OBJC_ISA_USAGE = YES_ERROR;
				CLANG_WARN_DOCUMENTATION_COMMENTS = YES;
				CLANG_WARN_EMPTY_BODY = YES;
				CLANG_WARN_ENUM_CONVERSION = YES;
				CLANG_WARN_INFINITE_RECURSION = YES;
				CLANG_WARN_INT_CONVERSION = YES;
				CLANG_WARN_NON_LITERAL_NULL_CONVERSION = YES;
				CLANG_WARN_OBJC_IMPLICIT_RETAIN_SELF = YES;
				CLANG_WARN_OBJC_LITERAL_CONVERSION = YES;
				CLANG_WARN_OBJC_ROOT_CLASS = YES_ERROR;
				CLANG_WARN_QUOTED_INCLUDE_IN_FRAMEWORK_HEADER = YES;
				CLANG_WARN_RANGE_LOOP_ANALYSIS = YES;
				CLANG_WARN_STRICT_PROTOTYPES = YES;
				CLANG_WARN_SUSPICIOUS_MOVE = YES;
				CLANG_WARN_UNGUARDED_AVAILABILITY = YES_AGGRESSIVE;
				CLANG_WARN_UNREACHABLE_CODE = YES;
				CLANG_WARN__DUPLICATE_METHOD_MATCH = YES;
				COPY_PHASE_STRIP = NO;
				DEBUG_INFORMATION_FORMAT = "dwarf-with-dsym";
				ENABLE_NS_ASSERTIONS = NO;
				ENABLE_STRICT_OBJC_MSGSEND = YES;
				GCC_C_LANGUAGE_STANDARD = gnu11;
				GCC_NO_COMMON_BLOCKS = YES;
				GCC_WARN_64_TO_32_BIT_CONVERSION = YES;
				GCC_WARN_ABOUT_RETURN_TYPE = YES_ERROR;
				GCC_WARN_UNDECLARED_SELECTOR = YES;
				GCC_WARN_UNINITIALIZED_AUTOS = YES_AGGRESSIVE;
				GCC_WARN_UNUSED_FUNCTION = YES;
				GCC_WARN_UNUSED_VARIABLE = YES;
				IPHONEOS_DEPLOYMENT_TARGET = 16.4;
				MTL_ENABLE_DEBUG_INFO = NO;
				MTL_FAST_MATH = YES;
				SDKROOT = iphoneos;
				SWIFT_COMPILATION_MODE = wholemodule;
				SWIFT_OPTIMIZATION_LEVEL = "-O";
				VALIDATE_PRODUCT = YES;
			};
			name = Release;
		};
		C70700832B79E92E003A399A /* Debug */ = {
			isa = XCBuildConfiguration;
			buildSettings = {
				ASSETCATALOG_COMPILER_APPICON_NAME = AppIcon;
				ASSETCATALOG_COMPILER_GLOBAL_ACCENT_COLOR_NAME = AccentColor;
				CODE_SIGN_STYLE = Automatic;
				CURRENT_PROJECT_VERSION = 1;
				DEVELOPMENT_TEAM = 72H835XC64;
				GENERATE_INFOPLIST_FILE = YES;
				INFOPLIST_FILE = "netflix-clone/Info.plist";
				INFOPLIST_KEY_UIApplicationSupportsIndirectInputEvents = YES;
				INFOPLIST_KEY_UILaunchStoryboardName = LaunchScreen;
				INFOPLIST_KEY_UIMainStoryboardFile = Main;
				INFOPLIST_KEY_UISupportedInterfaceOrientations_iPad = "UIInterfaceOrientationPortrait UIInterfaceOrientationPortraitUpsideDown UIInterfaceOrientationLandscapeLeft UIInterfaceOrientationLandscapeRight";
				INFOPLIST_KEY_UISupportedInterfaceOrientations_iPhone = "UIInterfaceOrientationPortrait UIInterfaceOrientationLandscapeLeft UIInterfaceOrientationLandscapeRight";
				LD_RUNPATH_SEARCH_PATHS = (
					"$(inherited)",
					"@executable_path/Frameworks",
				);
				MARKETING_VERSION = 1.0;
				PRODUCT_BUNDLE_IDENTIFIER = "sher1ock.netflix-clone";
				PRODUCT_NAME = "$(TARGET_NAME)";
				SWIFT_EMIT_LOC_STRINGS = YES;
				SWIFT_VERSION = 5.0;
				TARGETED_DEVICE_FAMILY = "1,2";
			};
			name = Debug;
		};
		C70700842B79E92E003A399A /* Release */ = {
			isa = XCBuildConfiguration;
			buildSettings = {
				ASSETCATALOG_COMPILER_APPICON_NAME = AppIcon;
				ASSETCATALOG_COMPILER_GLOBAL_ACCENT_COLOR_NAME = AccentColor;
				CODE_SIGN_STYLE = Automatic;
				CURRENT_PROJECT_VERSION = 1;
				DEVELOPMENT_TEAM = 72H835XC64;
				GENERATE_INFOPLIST_FILE = YES;
				INFOPLIST_FILE = "netflix-clone/Info.plist";
				INFOPLIST_KEY_UIApplicationSupportsIndirectInputEvents = YES;
				INFOPLIST_KEY_UILaunchStoryboardName = LaunchScreen;
				INFOPLIST_KEY_UIMainStoryboardFile = Main;
				INFOPLIST_KEY_UISupportedInterfaceOrientations_iPad = "UIInterfaceOrientationPortrait UIInterfaceOrientationPortraitUpsideDown UIInterfaceOrientationLandscapeLeft UIInterfaceOrientationLandscapeRight";
				INFOPLIST_KEY_UISupportedInterfaceOrientations_iPhone = "UIInterfaceOrientationPortrait UIInterfaceOrientationLandscapeLeft UIInterfaceOrientationLandscapeRight";
				LD_RUNPATH_SEARCH_PATHS = (
					"$(inherited)",
					"@executable_path/Frameworks",
				);
				MARKETING_VERSION = 1.0;
				PRODUCT_BUNDLE_IDENTIFIER = "sher1ock.netflix-clone";
				PRODUCT_NAME = "$(TARGET_NAME)";
				SWIFT_EMIT_LOC_STRINGS = YES;
				SWIFT_VERSION = 5.0;
				TARGETED_DEVICE_FAMILY = "1,2";
			};
			name = Release;
		};
		C70700862B79E92E003A399A /* Debug */ = {
			isa = XCBuildConfiguration;
			buildSettings = {
				ALWAYS_EMBED_SWIFT_STANDARD_LIBRARIES = YES;
				BUNDLE_LOADER = "$(TEST_HOST)";
				CODE_SIGN_STYLE = Automatic;
				CURRENT_PROJECT_VERSION = 1;
				DEVELOPMENT_TEAM = 72H835XC64;
				GENERATE_INFOPLIST_FILE = YES;
				IPHONEOS_DEPLOYMENT_TARGET = 16.4;
				MARKETING_VERSION = 1.0;
				PRODUCT_BUNDLE_IDENTIFIER = "sher1ock.netflix-cloneTests";
				PRODUCT_NAME = "$(TARGET_NAME)";
				SWIFT_EMIT_LOC_STRINGS = NO;
				SWIFT_VERSION = 5.0;
				TARGETED_DEVICE_FAMILY = "1,2";
				TEST_HOST = "$(BUILT_PRODUCTS_DIR)/netflix-clone.app/$(BUNDLE_EXECUTABLE_FOLDER_PATH)/netflix-clone";
			};
			name = Debug;
		};
		C70700872B79E92E003A399A /* Release */ = {
			isa = XCBuildConfiguration;
			buildSettings = {
				ALWAYS_EMBED_SWIFT_STANDARD_LIBRARIES = YES;
				BUNDLE_LOADER = "$(TEST_HOST)";
				CODE_SIGN_STYLE = Automatic;
				CURRENT_PROJECT_VERSION = 1;
				DEVELOPMENT_TEAM = 72H835XC64;
				GENERATE_INFOPLIST_FILE = YES;
				IPHONEOS_DEPLOYMENT_TARGET = 16.4;
				MARKETING_VERSION = 1.0;
				PRODUCT_BUNDLE_IDENTIFIER = "sher1ock.netflix-cloneTests";
				PRODUCT_NAME = "$(TARGET_NAME)";
				SWIFT_EMIT_LOC_STRINGS = NO;
				SWIFT_VERSION = 5.0;
				TARGETED_DEVICE_FAMILY = "1,2";
				TEST_HOST = "$(BUILT_PRODUCTS_DIR)/netflix-clone.app/$(BUNDLE_EXECUTABLE_FOLDER_PATH)/netflix-clone";
			};
			name = Release;
		};
		C70700892B79E92E003A399A /* Debug */ = {
			isa = XCBuildConfiguration;
			buildSettings = {
				ALWAYS_EMBED_SWIFT_STANDARD_LIBRARIES = YES;
				CODE_SIGN_STYLE = Automatic;
				CURRENT_PROJECT_VERSION = 1;
				DEVELOPMENT_TEAM = 72H835XC64;
				GENERATE_INFOPLIST_FILE = YES;
				MARKETING_VERSION = 1.0;
				PRODUCT_BUNDLE_IDENTIFIER = "sher1ock.netflix-cloneUITests";
				PRODUCT_NAME = "$(TARGET_NAME)";
				SWIFT_EMIT_LOC_STRINGS = NO;
				SWIFT_VERSION = 5.0;
				TARGETED_DEVICE_FAMILY = "1,2";
				TEST_TARGET_NAME = "netflix-clone";
			};
			name = Debug;
		};
		C707008A2B79E92E003A399A /* Release */ = {
			isa = XCBuildConfiguration;
			buildSettings = {
				ALWAYS_EMBED_SWIFT_STANDARD_LIBRARIES = YES;
				CODE_SIGN_STYLE = Automatic;
				CURRENT_PROJECT_VERSION = 1;
				DEVELOPMENT_TEAM = 72H835XC64;
				GENERATE_INFOPLIST_FILE = YES;
				MARKETING_VERSION = 1.0;
				PRODUCT_BUNDLE_IDENTIFIER = "sher1ock.netflix-cloneUITests";
				PRODUCT_NAME = "$(TARGET_NAME)";
				SWIFT_EMIT_LOC_STRINGS = NO;
				SWIFT_VERSION = 5.0;
				TARGETED_DEVICE_FAMILY = "1,2";
				TEST_TARGET_NAME = "netflix-clone";
			};
			name = Release;
		};
/* End XCBuildConfiguration section */

/* Begin XCConfigurationList section */
		C70700532B79E92B003A399A /* Build configuration list for PBXProject "netflix-clone" */ = {
			isa = XCConfigurationList;
			buildConfigurations = (
				C70700802B79E92E003A399A /* Debug */,
				C70700812B79E92E003A399A /* Release */,
			);
			defaultConfigurationIsVisible = 0;
			defaultConfigurationName = Release;
		};
		C70700822B79E92E003A399A /* Build configuration list for PBXNativeTarget "netflix-clone" */ = {
			isa = XCConfigurationList;
			buildConfigurations = (
				C70700832B79E92E003A399A /* Debug */,
				C70700842B79E92E003A399A /* Release */,
			);
			defaultConfigurationIsVisible = 0;
			defaultConfigurationName = Release;
		};
		C70700852B79E92E003A399A /* Build configuration list for PBXNativeTarget "netflix-cloneTests" */ = {
			isa = XCConfigurationList;
			buildConfigurations = (
				C70700862B79E92E003A399A /* Debug */,
				C70700872B79E92E003A399A /* Release */,
			);
			defaultConfigurationIsVisible = 0;
			defaultConfigurationName = Release;
		};
		C70700882B79E92E003A399A /* Build configuration list for PBXNativeTarget "netflix-cloneUITests" */ = {
			isa = XCConfigurationList;
			buildConfigurations = (
				C70700892B79E92E003A399A /* Debug */,
				C707008A2B79E92E003A399A /* Release */,
			);
			defaultConfigurationIsVisible = 0;
			defaultConfigurationName = Release;
		};
/* End XCConfigurationList section */
	};
	rootObject = C70700502B79E92B003A399A /* Project object */;
}
